{
  "name": "website_mdb",
  "version": "1.0.0",
  "lockfileVersion": 1,
  "requires": true,
  "dependencies": {
    "mdbootstrap-pro": {
      "version": "git+https://oauth2:7iJRLMUFMsrzAhpAHc9q@git.mdbootstrap.com/mdb/jquery/jq-pro.git#7e9c7cc57d10605c6ce3513d29e75e02e2efdf36",
      "from": "git+https://oauth2:7iJRLMUFMsrzAhpAHc9q@git.mdbootstrap.com/mdb/jquery/jq-pro.git"
    }
  }
}
